# THIS IS AN AUTOGENERATED FILE. DO NOT EDIT THIS FILE DIRECTLY.
# yarn lockfile v1


three@^0.163.0:
  version "0.163.0"
  resolved "https://registry.yarnpkg.com/three/-/three-0.163.0.tgz#cbfefbfd64a1353ab7cc8bf0fc396ddca1875a49"
  integrity sha512-HlMgCb2TF/dTLRtknBnjUTsR8FsDqBY43itYop2+Zg822I+Kd0Ua2vs8CvfBVefXkBdNDrLMoRTGCIIpfCuDew==
